
Microsoft Visual Studio Solution File, Format Version 12.00
# Visual Studio Version 17
VisualStudioVersion = 17.0.31903.59
MinimumVisualStudioVersion = 10.0.40219.1
Project("{2150E333-8FDC-42A3-9474-1A3956D46DE8}") = "src", "src", "{827E0CD3-B72D-47B6-A68D-7590B98EB39B}"
EndProject
Project("{2150E333-8FDC-42A3-9474-1A3956D46DE8}") = "backend", "backend", "{FE360695-3F2B-1049-3887-35FBB5135923}"
EndProject
Project("{FAE04EC0-301F-11D3-BF4B-00C04F79EFBC}") = "XLabStatusService.Core", "src\backend\XLabStatusService.Core\XLabStatusService.Core.csproj", "{B7EBF731-647A-4367-BA6A-A90FEAC04D88}"
EndProject
Project("{FAE04EC0-301F-11D3-BF4B-00C04F79EFBC}") = "XLabStatusService.Application", "src\backend\XLabStatusService.Application\XLabStatusService.Application.csproj", "{FC81EFD0-3D58-4CB7-B8BC-E567D1C5A89B}"
EndProject
Project("{FAE04EC0-301F-11D3-BF4B-00C04F79EFBC}") = "XLabStatusService.Infrastructure", "src\backend\XLabStatusService.Infrastructure\XLabStatusService.Infrastructure.csproj", "{B4C52B47-5FF7-4F9E-92A5-203520661DEC}"
EndProject
Project("{FAE04EC0-301F-11D3-BF4B-00C04F79EFBC}") = "XLabStatusService.Api", "src\backend\XLabStatusService.Api\XLabStatusService.Api.csproj", "{D24BD3C4-84A4-4238-B780-02A6D3A7858F}"
EndProject
Global
	GlobalSection(SolutionConfigurationPlatforms) = preSolution
		Debug|Any CPU = Debug|Any CPU
		Debug|x64 = Debug|x64
		Debug|x86 = Debug|x86
		Release|Any CPU = Release|Any CPU
		Release|x64 = Release|x64
		Release|x86 = Release|x86
	EndGlobalSection
	GlobalSection(ProjectConfigurationPlatforms) = postSolution
		{B7EBF731-647A-4367-BA6A-A90FEAC04D88}.Debug|Any CPU.ActiveCfg = Debug|Any CPU
		{B7EBF731-647A-4367-BA6A-A90FEAC04D88}.Debug|Any CPU.Build.0 = Debug|Any CPU
		{B7EBF731-647A-4367-BA6A-A90FEAC04D88}.Debug|x64.ActiveCfg = Debug|Any CPU
		{B7EBF731-647A-4367-BA6A-A90FEAC04D88}.Debug|x64.Build.0 = Debug|Any CPU
		{B7EBF731-647A-4367-BA6A-A90FEAC04D88}.Debug|x86.ActiveCfg = Debug|Any CPU
		{B7EBF731-647A-4367-BA6A-A90FEAC04D88}.Debug|x86.Build.0 = Debug|Any CPU
		{B7EBF731-647A-4367-BA6A-A90FEAC04D88}.Release|Any CPU.ActiveCfg = Release|Any CPU
		{B7EBF731-647A-4367-BA6A-A90FEAC04D88}.Release|Any CPU.Build.0 = Release|Any CPU
		{B7EBF731-647A-4367-BA6A-A90FEAC04D88}.Release|x64.ActiveCfg = Release|Any CPU
		{B7EBF731-647A-4367-BA6A-A90FEAC04D88}.Release|x64.Build.0 = Release|Any CPU
		{B7EBF731-647A-4367-BA6A-A90FEAC04D88}.Release|x86.ActiveCfg = Release|Any CPU
		{B7EBF731-647A-4367-BA6A-A90FEAC04D88}.Release|x86.Build.0 = Release|Any CPU
		{FC81EFD0-3D58-4CB7-B8BC-E567D1C5A89B}.Debug|Any CPU.ActiveCfg = Debug|Any CPU
		{FC81EFD0-3D58-4CB7-B8BC-E567D1C5A89B}.Debug|Any CPU.Build.0 = Debug|Any CPU
		{FC81EFD0-3D58-4CB7-B8BC-E567D1C5A89B}.Debug|x64.ActiveCfg = Debug|Any CPU
		{FC81EFD0-3D58-4CB7-B8BC-E567D1C5A89B}.Debug|x64.Build.0 = Debug|Any CPU
		{FC81EFD0-3D58-4CB7-B8BC-E567D1C5A89B}.Debug|x86.ActiveCfg = Debug|Any CPU
		{FC81EFD0-3D58-4CB7-B8BC-E567D1C5A89B}.Debug|x86.Build.0 = Debug|Any CPU
		{FC81EFD0-3D58-4CB7-B8BC-E567D1C5A89B}.Release|Any CPU.ActiveCfg = Release|Any CPU
		{FC81EFD0-3D58-4CB7-B8BC-E567D1C5A89B}.Release|Any CPU.Build.0 = Release|Any CPU
		{FC81EFD0-3D58-4CB7-B8BC-E567D1C5A89B}.Release|x64.ActiveCfg = Release|Any CPU
		{FC81EFD0-3D58-4CB7-B8BC-E567D1C5A89B}.Release|x64.Build.0 = Release|Any CPU
		{FC81EFD0-3D58-4CB7-B8BC-E567D1C5A89B}.Release|x86.ActiveCfg = Release|Any CPU
		{FC81EFD0-3D58-4CB7-B8BC-E567D1C5A89B}.Release|x86.Build.0 = Release|Any CPU
		{B4C52B47-5FF7-4F9E-92A5-203520661DEC}.Debug|Any CPU.ActiveCfg = Debug|Any CPU
		{B4C52B47-5FF7-4F9E-92A5-203520661DEC}.Debug|Any CPU.Build.0 = Debug|Any CPU
		{B4C52B47-5FF7-4F9E-92A5-203520661DEC}.Debug|x64.ActiveCfg = Debug|Any CPU
		{B4C52B47-5FF7-4F9E-92A5-203520661DEC}.Debug|x64.Build.0 = Debug|Any CPU
		{B4C52B47-5FF7-4F9E-92A5-203520661DEC}.Debug|x86.ActiveCfg = Debug|Any CPU
		{B4C52B47-5FF7-4F9E-92A5-203520661DEC}.Debug|x86.Build.0 = Debug|Any CPU
		{B4C52B47-5FF7-4F9E-92A5-203520661DEC}.Release|Any CPU.ActiveCfg = Release|Any CPU
		{B4C52B47-5FF7-4F9E-92A5-203520661DEC}.Release|Any CPU.Build.0 = Release|Any CPU
		{B4C52B47-5FF7-4F9E-92A5-203520661DEC}.Release|x64.ActiveCfg = Release|Any CPU
		{B4C52B47-5FF7-4F9E-92A5-203520661DEC}.Release|x64.Build.0 = Release|Any CPU
		{B4C52B47-5FF7-4F9E-92A5-203520661DEC}.Release|x86.ActiveCfg = Release|Any CPU
		{B4C52B47-5FF7-4F9E-92A5-203520661DEC}.Release|x86.Build.0 = Release|Any CPU
		{D24BD3C4-84A4-4238-B780-02A6D3A7858F}.Debug|Any CPU.ActiveCfg = Debug|Any CPU
		{D24BD3C4-84A4-4238-B780-02A6D3A7858F}.Debug|Any CPU.Build.0 = Debug|Any CPU
		{D24BD3C4-84A4-4238-B780-02A6D3A7858F}.Debug|x64.ActiveCfg = Debug|Any CPU
		{D24BD3C4-84A4-4238-B780-02A6D3A7858F}.Debug|x64.Build.0 = Debug|Any CPU
		{D24BD3C4-84A4-4238-B780-02A6D3A7858F}.Debug|x86.ActiveCfg = Debug|Any CPU
		{D24BD3C4-84A4-4238-B780-02A6D3A7858F}.Debug|x86.Build.0 = Debug|Any CPU
		{D24BD3C4-84A4-4238-B780-02A6D3A7858F}.Release|Any CPU.ActiveCfg = Release|Any CPU
		{D24BD3C4-84A4-4238-B780-02A6D3A7858F}.Release|Any CPU.Build.0 = Release|Any CPU
		{D24BD3C4-84A4-4238-B780-02A6D3A7858F}.Release|x64.ActiveCfg = Release|Any CPU
		{D24BD3C4-84A4-4238-B780-02A6D3A7858F}.Release|x64.Build.0 = Release|Any CPU
		{D24BD3C4-84A4-4238-B780-02A6D3A7858F}.Release|x86.ActiveCfg = Release|Any CPU
		{D24BD3C4-84A4-4238-B780-02A6D3A7858F}.Release|x86.Build.0 = Release|Any CPU
	EndGlobalSection
	GlobalSection(SolutionProperties) = preSolution
		HideSolutionNode = FALSE
	EndGlobalSection
	GlobalSection(NestedProjects) = preSolution
		{FE360695-3F2B-1049-3887-35FBB5135923} = {827E0CD3-B72D-47B6-A68D-7590B98EB39B}
		{B7EBF731-647A-4367-BA6A-A90FEAC04D88} = {FE360695-3F2B-1049-3887-35FBB5135923}
		{FC81EFD0-3D58-4CB7-B8BC-E567D1C5A89B} = {FE360695-3F2B-1049-3887-35FBB5135923}
		{B4C52B47-5FF7-4F9E-92A5-203520661DEC} = {FE360695-3F2B-1049-3887-35FBB5135923}
		{D24BD3C4-84A4-4238-B780-02A6D3A7858F} = {FE360695-3F2B-1049-3887-35FBB5135923}
	EndGlobalSection
EndGlobal
